
Microsoft Visual Studio Solution File, Format Version 12.00
# Visual Studio Version 17
VisualStudioVersion = 17.3.32922.545
MinimumVisualStudioVersion = 10.0.40219.1
Project("{FAE04EC0-301F-11D3-BF4B-00C04F79EFBC}") = "Animals", "Animals\Animals.csproj", "{AB8DA41E-4AB9-47BE-BCFC-A73EB6D0A373}"
EndProject
Project("{9A19103F-16F7-4668-BE54-9A1E7A4F7556}") = "Animals.Tests", "Animals.Tests\Animals.Tests.csproj", "{57AE1355-B3D4-4677-91FC-332594CFBB66}"
EndProject
Global
	GlobalSection(SolutionConfigurationPlatforms) = preSolution
		Debug|Any CPU = Debug|Any CPU
		Release|Any CPU = Release|Any CPU
	EndGlobalSection
	GlobalSection(ProjectConfigurationPlatforms) = postSolution
		{AB8DA41E-4AB9-47BE-BCFC-A73EB6D0A373}.Debug|Any CPU.ActiveCfg = Debug|Any CPU
		{AB8DA41E-4AB9-47BE-BCFC-A73EB6D0A373}.Debug|Any CPU.Build.0 = Debug|Any CPU
		{AB8DA41E-4AB9-47BE-BCFC-A73EB6D0A373}.Release|Any CPU.ActiveCfg = Release|Any CPU
		{AB8DA41E-4AB9-47BE-BCFC-A73EB6D0A373}.Release|Any CPU.Build.0 = Release|Any CPU
		{57AE1355-B3D4-4677-91FC-332594CFBB66}.Debug|Any CPU.ActiveCfg = Debug|Any CPU
		{57AE1355-B3D4-4677-91FC-332594CFBB66}.Debug|Any CPU.Build.0 = Debug|Any CPU
		{57AE1355-B3D4-4677-91FC-332594CFBB66}.Release|Any CPU.ActiveCfg = Release|Any CPU
		{57AE1355-B3D4-4677-91FC-332594CFBB66}.Release|Any CPU.Build.0 = Release|Any CPU
	EndGlobalSection
	GlobalSection(SolutionProperties) = preSolution
		HideSolutionNode = FALSE
	EndGlobalSection
	GlobalSection(ExtensibilityGlobals) = postSolution
		SolutionGuid = {E7D7E775-395D-4DEF-A08E-5A62C7FBF994}
	EndGlobalSection
EndGlobal
